
Microsoft Visual Studio Solution File, Format Version 12.00
# Visual Studio Version 17
VisualStudioVersion = 17.9.34714.143
MinimumVisualStudioVersion = 10.0.40219.1
Project("{8BC9CEB8-8B4A-11D0-8D11-00A0C91BC942}") = "ConsoleApplication3", "ConsoleApplication3\ConsoleApplication3.vcxproj", "{D1C647C1-63DD-4862-BFE5-5F524A671B9F}"
EndProject
Global
	GlobalSection(SolutionConfigurationPlatforms) = preSolution
		Debug|x64 = Debug|x64
		Debug|x86 = Debug|x86
		Release|x64 = Release|x64
		Release|x86 = Release|x86
	EndGlobalSection
	GlobalSection(ProjectConfigurationPlatforms) = postSolution
		{D1C647C1-63DD-4862-BFE5-5F524A671B9F}.Debug|x64.ActiveCfg = Debug|x64
		{D1C647C1-63DD-4862-BFE5-5F524A671B9F}.Debug|x64.Build.0 = Debug|x64
		{D1C647C1-63DD-4862-BFE5-5F524A671B9F}.Debug|x86.ActiveCfg = Debug|Win32
		{D1C647C1-63DD-4862-BFE5-5F524A671B9F}.Debug|x86.Build.0 = Debug|Win32
		{D1C647C1-63DD-4862-BFE5-5F524A671B9F}.Release|x64.ActiveCfg = Release|x64
		{D1C647C1-63DD-4862-BFE5-5F524A671B9F}.Release|x64.Build.0 = Release|x64
		{D1C647C1-63DD-4862-BFE5-5F524A671B9F}.Release|x86.ActiveCfg = Release|Win32
		{D1C647C1-63DD-4862-BFE5-5F524A671B9F}.Release|x86.Build.0 = Release|Win32
	EndGlobalSection
	GlobalSection(SolutionProperties) = preSolution
		HideSolutionNode = FALSE
	EndGlobalSection
	GlobalSection(ExtensibilityGlobals) = postSolution
		SolutionGuid = {463F6C0B-0C84-4E7E-91A9-43DDE2C9E3B1}
	EndGlobalSection
EndGlobal
